
Microsoft Visual Studio Solution File, Format Version 12.00
# Visual Studio Version 17
VisualStudioVersion = 17.14.36717.8
MinimumVisualStudioVersion = 10.0.40219.1
Project("{2150E333-8FDC-42A3-9474-1A3956D46DE8}") = "BookService", "BookService", "{02EA681E-C7D8-13C7-8484-4AC65E1B71E8}"
EndProject
Project("{FAE04EC0-301F-11D3-BF4B-00C04F79EFBC}") = "BookAPIService", "BookService\BookAPIService\BookAPIService.csproj", "{3C754938-E3FC-C5A8-4CEA-2977876F165F}"
EndProject
Project("{FAE04EC0-301F-11D3-BF4B-00C04F79EFBC}") = "LBRS.Book.DBContext", "BookService\LBRS.Book.DBContext\LBRS.Book.DBContext.csproj", "{F2A9D92B-1AB0-4951-0D85-B3C2D5A86328}"
EndProject
Project("{FAE04EC0-301F-11D3-BF4B-00C04F79EFBC}") = "LBRS.Book.Repo", "BookService\LBRS.Book.Repo\LBRS.Book.Repo.csproj", "{536BA813-5C16-AB00-B457-750B05326509}"
EndProject
Project("{FAE04EC0-301F-11D3-BF4B-00C04F79EFBC}") = "LBRS.Book.Service", "BookService\LBRS.Book.Service\LBRS.Book.Service.csproj", "{EE94361B-6007-559A-A19B-FC8B6E17D3A2}"
EndProject
Project("{2150E333-8FDC-42A3-9474-1A3956D46DE8}") = "LBRSAPIGateway", "LBRSAPIGateway", "{E181C267-BCB4-4DC5-938A-042771FB9266}"
EndProject
Project("{FAE04EC0-301F-11D3-BF4B-00C04F79EFBC}") = "LBRSAPIGateway", "LBRSAPIGateway\LBRSAPIGateway\LBRSAPIGateway.csproj", "{3431B6D3-7995-0050-1377-4DE508BCAD17}"
EndProject
Project("{2150E333-8FDC-42A3-9474-1A3956D46DE8}") = "MemberService", "MemberService", "{769B5E5E-F7E9-4A23-B170-502D0AB546DB}"
EndProject
Project("{FAE04EC0-301F-11D3-BF4B-00C04F79EFBC}") = "LBRS.Member.DBContext", "MemberService\LBRS.Member.DBContext\LBRS.Member.DBContext.csproj", "{C626FCC8-BE46-C7FD-34A8-B9DFB51F7FBA}"
EndProject
Project("{FAE04EC0-301F-11D3-BF4B-00C04F79EFBC}") = "LBRS.Member.Repo", "MemberService\LBRS.Member.Repo\LBRS.Member.Repo.csproj", "{0BF0BDAF-4BE8-F28D-99A4-B1CC64EC0D23}"
EndProject
Project("{FAE04EC0-301F-11D3-BF4B-00C04F79EFBC}") = "LBRS.Member.Service", "MemberService\LBRS.Member.Service\LBRS.Member.Service.csproj", "{62A659FC-4A20-C294-B69A-0FCAA11D72EC}"
EndProject
Project("{FAE04EC0-301F-11D3-BF4B-00C04F79EFBC}") = "MemberAPIService", "MemberService\MemberAPIService\MemberAPIService.csproj", "{517DA232-BD5F-EAB1-05E7-96C44821FBAA}"
EndProject
Project("{2150E333-8FDC-42A3-9474-1A3956D46DE8}") = "UnitTest", "UnitTest", "{6312573C-7EBA-43D9-B2B4-3C858DBC4736}"
EndProject
Project("{2150E333-8FDC-42A3-9474-1A3956D46DE8}") = "UnitTest", "UnitTest", "{DB2C6FF0-DB57-4560-8A33-F815D1DAFF26}"
EndProject
Project("{FAE04EC0-301F-11D3-BF4B-00C04F79EFBC}") = "Book.Service.Tests", "BookService\UnitTests\Book.Service.Tests\Book.Service.Tests.csproj", "{68DFFDB2-7F97-DFF7-7CAD-076F8D5D8412}"
EndProject
Project("{FAE04EC0-301F-11D3-BF4B-00C04F79EFBC}") = "Member.API.Tests", "MemberService\UnitTests\Member.API.Tests\Member.API.Tests.csproj", "{0C51FB78-F055-7FD5-DAE0-37BD49BE9B8C}"
EndProject
Project("{FAE04EC0-301F-11D3-BF4B-00C04F79EFBC}") = "Member.Service.Tests", "MemberService\UnitTests\Member.Service.Tests\Member.Service.Tests.csproj", "{DCCC2A05-F66C-6755-EE47-CF898FF7D344}"
EndProject
Global
	GlobalSection(SolutionConfigurationPlatforms) = preSolution
		Debug|Any CPU = Debug|Any CPU
		Release|Any CPU = Release|Any CPU
	EndGlobalSection
	GlobalSection(ProjectConfigurationPlatforms) = postSolution
		{3C754938-E3FC-C5A8-4CEA-2977876F165F}.Debug|Any CPU.ActiveCfg = Debug|Any CPU
		{3C754938-E3FC-C5A8-4CEA-2977876F165F}.Debug|Any CPU.Build.0 = Debug|Any CPU
		{3C754938-E3FC-C5A8-4CEA-2977876F165F}.Release|Any CPU.ActiveCfg = Release|Any CPU
		{3C754938-E3FC-C5A8-4CEA-2977876F165F}.Release|Any CPU.Build.0 = Release|Any CPU
		{F2A9D92B-1AB0-4951-0D85-B3C2D5A86328}.Debug|Any CPU.ActiveCfg = Debug|Any CPU
		{F2A9D92B-1AB0-4951-0D85-B3C2D5A86328}.Debug|Any CPU.Build.0 = Debug|Any CPU
		{F2A9D92B-1AB0-4951-0D85-B3C2D5A86328}.Release|Any CPU.ActiveCfg = Release|Any CPU
		{F2A9D92B-1AB0-4951-0D85-B3C2D5A86328}.Release|Any CPU.Build.0 = Release|Any CPU
		{536BA813-5C16-AB00-B457-750B05326509}.Debug|Any CPU.ActiveCfg = Debug|Any CPU
		{536BA813-5C16-AB00-B457-750B05326509}.Debug|Any CPU.Build.0 = Debug|Any CPU
		{536BA813-5C16-AB00-B457-750B05326509}.Release|Any CPU.ActiveCfg = Release|Any CPU
		{536BA813-5C16-AB00-B457-750B05326509}.Release|Any CPU.Build.0 = Release|Any CPU
		{EE94361B-6007-559A-A19B-FC8B6E17D3A2}.Debug|Any CPU.ActiveCfg = Debug|Any CPU
		{EE94361B-6007-559A-A19B-FC8B6E17D3A2}.Debug|Any CPU.Build.0 = Debug|Any CPU
		{EE94361B-6007-559A-A19B-FC8B6E17D3A2}.Release|Any CPU.ActiveCfg = Release|Any CPU
		{EE94361B-6007-559A-A19B-FC8B6E17D3A2}.Release|Any CPU.Build.0 = Release|Any CPU
		{3431B6D3-7995-0050-1377-4DE508BCAD17}.Debug|Any CPU.ActiveCfg = Debug|Any CPU
		{3431B6D3-7995-0050-1377-4DE508BCAD17}.Debug|Any CPU.Build.0 = Debug|Any CPU
		{3431B6D3-7995-0050-1377-4DE508BCAD17}.Release|Any CPU.ActiveCfg = Release|Any CPU
		{3431B6D3-7995-0050-1377-4DE508BCAD17}.Release|Any CPU.Build.0 = Release|Any CPU
		{C626FCC8-BE46-C7FD-34A8-B9DFB51F7FBA}.Debug|Any CPU.ActiveCfg = Debug|Any CPU
		{C626FCC8-BE46-C7FD-34A8-B9DFB51F7FBA}.Debug|Any CPU.Build.0 = Debug|Any CPU
		{C626FCC8-BE46-C7FD-34A8-B9DFB51F7FBA}.Release|Any CPU.ActiveCfg = Release|Any CPU
		{C626FCC8-BE46-C7FD-34A8-B9DFB51F7FBA}.Release|Any CPU.Build.0 = Release|Any CPU
		{0BF0BDAF-4BE8-F28D-99A4-B1CC64EC0D23}.Debug|Any CPU.ActiveCfg = Debug|Any CPU
		{0BF0BDAF-4BE8-F28D-99A4-B1CC64EC0D23}.Debug|Any CPU.Build.0 = Debug|Any CPU
		{0BF0BDAF-4BE8-F28D-99A4-B1CC64EC0D23}.Release|Any CPU.ActiveCfg = Release|Any CPU
		{0BF0BDAF-4BE8-F28D-99A4-B1CC64EC0D23}.Release|Any CPU.Build.0 = Release|Any CPU
		{62A659FC-4A20-C294-B69A-0FCAA11D72EC}.Debug|Any CPU.ActiveCfg = Debug|Any CPU
		{62A659FC-4A20-C294-B69A-0FCAA11D72EC}.Debug|Any CPU.Build.0 = Debug|Any CPU
		{62A659FC-4A20-C294-B69A-0FCAA11D72EC}.Release|Any CPU.ActiveCfg = Release|Any CPU
		{62A659FC-4A20-C294-B69A-0FCAA11D72EC}.Release|Any CPU.Build.0 = Release|Any CPU
		{517DA232-BD5F-EAB1-05E7-96C44821FBAA}.Debug|Any CPU.ActiveCfg = Debug|Any CPU
		{517DA232-BD5F-EAB1-05E7-96C44821FBAA}.Debug|Any CPU.Build.0 = Debug|Any CPU
		{517DA232-BD5F-EAB1-05E7-96C44821FBAA}.Release|Any CPU.ActiveCfg = Release|Any CPU
		{517DA232-BD5F-EAB1-05E7-96C44821FBAA}.Release|Any CPU.Build.0 = Release|Any CPU
		{68DFFDB2-7F97-DFF7-7CAD-076F8D5D8412}.Debug|Any CPU.ActiveCfg = Debug|Any CPU
		{68DFFDB2-7F97-DFF7-7CAD-076F8D5D8412}.Debug|Any CPU.Build.0 = Debug|Any CPU
		{68DFFDB2-7F97-DFF7-7CAD-076F8D5D8412}.Release|Any CPU.ActiveCfg = Release|Any CPU
		{68DFFDB2-7F97-DFF7-7CAD-076F8D5D8412}.Release|Any CPU.Build.0 = Release|Any CPU
		{0C51FB78-F055-7FD5-DAE0-37BD49BE9B8C}.Debug|Any CPU.ActiveCfg = Debug|Any CPU
		{0C51FB78-F055-7FD5-DAE0-37BD49BE9B8C}.Debug|Any CPU.Build.0 = Debug|Any CPU
		{0C51FB78-F055-7FD5-DAE0-37BD49BE9B8C}.Release|Any CPU.ActiveCfg = Release|Any CPU
		{0C51FB78-F055-7FD5-DAE0-37BD49BE9B8C}.Release|Any CPU.Build.0 = Release|Any CPU
		{DCCC2A05-F66C-6755-EE47-CF898FF7D344}.Debug|Any CPU.ActiveCfg = Debug|Any CPU
		{DCCC2A05-F66C-6755-EE47-CF898FF7D344}.Debug|Any CPU.Build.0 = Debug|Any CPU
		{DCCC2A05-F66C-6755-EE47-CF898FF7D344}.Release|Any CPU.ActiveCfg = Release|Any CPU
		{DCCC2A05-F66C-6755-EE47-CF898FF7D344}.Release|Any CPU.Build.0 = Release|Any CPU
	EndGlobalSection
	GlobalSection(SolutionProperties) = preSolution
		HideSolutionNode = FALSE
	EndGlobalSection
	GlobalSection(NestedProjects) = preSolution
		{3C754938-E3FC-C5A8-4CEA-2977876F165F} = {02EA681E-C7D8-13C7-8484-4AC65E1B71E8}
		{F2A9D92B-1AB0-4951-0D85-B3C2D5A86328} = {02EA681E-C7D8-13C7-8484-4AC65E1B71E8}
		{536BA813-5C16-AB00-B457-750B05326509} = {02EA681E-C7D8-13C7-8484-4AC65E1B71E8}
		{EE94361B-6007-559A-A19B-FC8B6E17D3A2} = {02EA681E-C7D8-13C7-8484-4AC65E1B71E8}
		{3431B6D3-7995-0050-1377-4DE508BCAD17} = {E181C267-BCB4-4DC5-938A-042771FB9266}
		{C626FCC8-BE46-C7FD-34A8-B9DFB51F7FBA} = {769B5E5E-F7E9-4A23-B170-502D0AB546DB}
		{0BF0BDAF-4BE8-F28D-99A4-B1CC64EC0D23} = {769B5E5E-F7E9-4A23-B170-502D0AB546DB}
		{62A659FC-4A20-C294-B69A-0FCAA11D72EC} = {769B5E5E-F7E9-4A23-B170-502D0AB546DB}
		{517DA232-BD5F-EAB1-05E7-96C44821FBAA} = {769B5E5E-F7E9-4A23-B170-502D0AB546DB}
		{6312573C-7EBA-43D9-B2B4-3C858DBC4736} = {769B5E5E-F7E9-4A23-B170-502D0AB546DB}
		{DB2C6FF0-DB57-4560-8A33-F815D1DAFF26} = {02EA681E-C7D8-13C7-8484-4AC65E1B71E8}
		{68DFFDB2-7F97-DFF7-7CAD-076F8D5D8412} = {DB2C6FF0-DB57-4560-8A33-F815D1DAFF26}
		{0C51FB78-F055-7FD5-DAE0-37BD49BE9B8C} = {6312573C-7EBA-43D9-B2B4-3C858DBC4736}
		{DCCC2A05-F66C-6755-EE47-CF898FF7D344} = {6312573C-7EBA-43D9-B2B4-3C858DBC4736}
	EndGlobalSection
	GlobalSection(ExtensibilityGlobals) = postSolution
		SolutionGuid = {2156FC3A-3E3C-49AC-BC6B-D4B1C7879254}
	EndGlobalSection
EndGlobal
